
Microsoft Visual Studio Solution File, Format Version 12.00
# Visual Studio Version 17
VisualStudioVersion = 17.11.35312.102
MinimumVisualStudioVersion = 10.0.40219.1
Project("{2150E333-8FDC-42A3-9474-1A3956D46DE8}") = "Task0", "Task0", "{AADA2284-C2D2-4283-A251-96128AC07275}"
EndProject
Project("{9A19103F-16F7-4668-BE54-9A1E7A4F7556}") = "Tyuiu.BerezkinAA.Sprint2.Task0.V4", "Tyuiu.BerezkinAA.Sprint2.Task0.V4\Tyuiu.BerezkinAA.Sprint2.Task0.V4.csproj", "{4DF47378-D76E-4BD4-AF90-553468B2D6BA}"
EndProject
Project("{9A19103F-16F7-4668-BE54-9A1E7A4F7556}") = "Tyuiu.BerezkinAA.Sprint2.Task0.V4.Lib", "Tyuiu.BerezkinAA.Sprint2.Task0.V4.Lib\Tyuiu.BerezkinAA.Sprint2.Task0.V4.Lib.csproj", "{6F7D8B26-0FB4-469F-B4ED-E07D0376A3BF}"
EndProject
Project("{9A19103F-16F7-4668-BE54-9A1E7A4F7556}") = "Tyuiu.BerezkinAA.Sprint2.Task0.V4.Test", "Tyuiu.BerezkinAA.Sprint2.Task0.V4.Test\Tyuiu.BerezkinAA.Sprint2.Task0.V4.Test.csproj", "{497FA210-AD01-4BC3-981B-99CE8A961B17}"
EndProject
Project("{2150E333-8FDC-42A3-9474-1A3956D46DE8}") = "Task1", "Task1", "{2C6E13C4-4C27-4B76-80AC-B4982B7C4FF6}"
EndProject
Project("{9A19103F-16F7-4668-BE54-9A1E7A4F7556}") = "Tyuiu.BerezkinAA.Sprint2.Task1.V2", "Tyuiu.BerezkinAA.Sprint2.Task1.V2\Tyuiu.BerezkinAA.Sprint2.Task1.V2.csproj", "{A4470B4A-737F-46E7-A361-9053C6244B74}"
EndProject
Project("{9A19103F-16F7-4668-BE54-9A1E7A4F7556}") = "Tyuiu.BerezkinAA.Sprint2.Task1.V2.Lib", "Tyuiu.BerezkinAA.Sprint2.Task1.V2.Lib\Tyuiu.BerezkinAA.Sprint2.Task1.V2.Lib.csproj", "{CE647F98-8881-4483-82C8-672FAF37E890}"
EndProject
Project("{9A19103F-16F7-4668-BE54-9A1E7A4F7556}") = "Tyuiu.BerezkinAA.Sprint2.Task1.V2.Test", "Tyuiu.BerezkinAA.Sprint2.Task1.V2.Test\Tyuiu.BerezkinAA.Sprint2.Task1.V2.Test.csproj", "{1B4D5F9C-9C49-4555-8318-30E8948468EF}"
EndProject
Project("{2150E333-8FDC-42A3-9474-1A3956D46DE8}") = "Task2", "Task2", "{37D299EC-3D65-46FE-A290-A58A4977062B}"
EndProject
Project("{9A19103F-16F7-4668-BE54-9A1E7A4F7556}") = "Tyuiu.BerezkinAA.Sprint2.Task2.V13", "Tyuiu.BerezkinAA.Sprint2.Task2.V13\Tyuiu.BerezkinAA.Sprint2.Task2.V13.csproj", "{F9BCCF60-6F8B-4320-B76A-B4ACA9107C98}"
EndProject
Project("{9A19103F-16F7-4668-BE54-9A1E7A4F7556}") = "Tyuiu.BerezkinAA.Sprint2.Task2.V13.Lib", "Tyuiu.BerezkinAA.Sprint2.Task2.V13.Lib\Tyuiu.BerezkinAA.Sprint2.Task2.V13.Lib.csproj", "{6F583423-0495-41FA-90FB-51D15716A18F}"
EndProject
Project("{9A19103F-16F7-4668-BE54-9A1E7A4F7556}") = "Tyuiu.BerezkinAA.Sprint2.Task2.V13.Test", "Tyuiu.BerezkinAA.Sprint2.Task2.V13.Test\Tyuiu.BerezkinAA.Sprint2.Task2.V13.Test.csproj", "{0AD41ABA-8041-4BE8-8544-BA45A1049E0C}"
EndProject
Project("{2150E333-8FDC-42A3-9474-1A3956D46DE8}") = "Task3", "Task3", "{9BDF801B-CF37-48EF-95EF-6DB83BB041D9}"
EndProject
Project("{9A19103F-16F7-4668-BE54-9A1E7A4F7556}") = "Tyuiu.BerezkinAA.Sprint2.Task3.V14", "Tyuiu.BerezkinAA.Sprint2.Task3.V14\Tyuiu.BerezkinAA.Sprint2.Task3.V14.csproj", "{E0BE7A08-DF8D-4D14-A0E1-26EE7D63AD9F}"
EndProject
Project("{9A19103F-16F7-4668-BE54-9A1E7A4F7556}") = "Tyuiu.BerezkinAA.Sprint2.Task3.V14.Lib", "Tyuiu.BerezkinAA.Sprint2.Task3.V14.Lib\Tyuiu.BerezkinAA.Sprint2.Task3.V14.Lib.csproj", "{B262CC65-80CB-42A9-B591-39060AE0D685}"
EndProject
Project("{9A19103F-16F7-4668-BE54-9A1E7A4F7556}") = "Tyuiu.BerezkinAA.Sprint2.Task3.V14.Test", "Tyuiu.BerezkinAA.Sprint2.Task3.V14.Test\Tyuiu.BerezkinAA.Sprint2.Task3.V14.Test.csproj", "{B64A06C3-21AD-43CC-87D0-535AD85EDEAB}"
EndProject
Project("{2150E333-8FDC-42A3-9474-1A3956D46DE8}") = "Task4", "Task4", "{FC7E0805-016A-4578-9CEB-6B1DD3CB9A45}"
EndProject
Project("{9A19103F-16F7-4668-BE54-9A1E7A4F7556}") = "Tyuiu.BerezkinAA.Sprint2.Task4.V4", "Tyuiu.BerezkinAA.Sprint2.Task4.V4\Tyuiu.BerezkinAA.Sprint2.Task4.V4.csproj", "{66079572-CED3-4C8C-A488-8DFA707155E5}"
EndProject
Project("{9A19103F-16F7-4668-BE54-9A1E7A4F7556}") = "Tyuiu.BerezkinAA.Sprint2.Task4.V4.Lib", "Tyuiu.BerezkinAA.Sprint2.Task4.V4.Lib\Tyuiu.BerezkinAA.Sprint2.Task4.V4.Lib.csproj", "{3013092B-7D75-466C-A33A-8E7ACD3FB473}"
EndProject
Project("{9A19103F-16F7-4668-BE54-9A1E7A4F7556}") = "Tyuiu.BerezkinAA.Sprint2.Task4.V4.Test", "Tyuiu.BerezkinAA.Sprint2.Task4.V4.Test\Tyuiu.BerezkinAA.Sprint2.Task4.V4.Test.csproj", "{729A5AC0-ABBC-40EB-9DC5-F4D91CD562D6}"
EndProject
Project("{2150E333-8FDC-42A3-9474-1A3956D46DE8}") = "Task5", "Task5", "{FBEB19D3-3A49-4AC8-83B8-EB13B973AD17}"
EndProject
Project("{9A19103F-16F7-4668-BE54-9A1E7A4F7556}") = "Tyuiu.BerezkinAA.Sprint2.Task5.V8", "Tyuiu.BerezkinAA.Sprint2.Task5.V8\Tyuiu.BerezkinAA.Sprint2.Task5.V8.csproj", "{1CA060C0-B36A-4688-931F-7F345AC7C2F1}"
EndProject
Project("{9A19103F-16F7-4668-BE54-9A1E7A4F7556}") = "Tyuiu.BerezkinAA.Sprint2.Task5.V8.Lib", "Tyuiu.BerezkinAA.Sprint2.Task5.V8.Lib\Tyuiu.BerezkinAA.Sprint2.Task5.V8.Lib.csproj", "{4F6842C0-B517-46B2-969F-45F32727E457}"
EndProject
Project("{9A19103F-16F7-4668-BE54-9A1E7A4F7556}") = "Tyuiu.BerezkinAA.Sprint2.Task5.V8.Test", "Tyuiu.BerezkinAA.Sprint2.Task5.V8.Test\Tyuiu.BerezkinAA.Sprint2.Task5.V8.Test.csproj", "{61D5C673-5095-43BF-8C42-D11B59EE0C5C}"
EndProject
Project("{2150E333-8FDC-42A3-9474-1A3956D46DE8}") = "Task6", "Task6", "{ABEA0D72-5A54-49F7-A2FA-25604FD934A0}"
EndProject
Project("{FAE04EC0-301F-11D3-BF4B-00C04F79EFBC}") = "Tyuiu.BerezkinAA.Sprint2.Task6.V11", "Tyuiu.BerezkinAA.Sprint2.Task6.V11\Tyuiu.BerezkinAA.Sprint2.Task6.V11.csproj", "{D0D336AF-59F8-4399-B903-7C011EB783CA}"
EndProject
Project("{FAE04EC0-301F-11D3-BF4B-00C04F79EFBC}") = "Tyuiu.BerezkinAA.Sprint2.Task6.V11.Lib", "Tyuiu.BerezkinAA.Sprint2.Task6.V11.Lib\Tyuiu.BerezkinAA.Sprint2.Task6.V11.Lib.csproj", "{C4AFDE15-00E8-46B5-8DB1-446ADE6BEEFC}"
EndProject
Project("{FAE04EC0-301F-11D3-BF4B-00C04F79EFBC}") = "Tyuiu.BerezkinAA.Sprint2.Task6.V11.Test", "Tyuiu.BerezkinAA.Sprint2.Task6.V11.Test\Tyuiu.BerezkinAA.Sprint2.Task6.V11.Test.csproj", "{1525F17D-2270-4798-8100-2041F7A38330}"
EndProject
Global
	GlobalSection(SolutionConfigurationPlatforms) = preSolution
		Debug|Any CPU = Debug|Any CPU
		Release|Any CPU = Release|Any CPU
	EndGlobalSection
	GlobalSection(ProjectConfigurationPlatforms) = postSolution
		{4DF47378-D76E-4BD4-AF90-553468B2D6BA}.Debug|Any CPU.ActiveCfg = Debug|Any CPU
		{4DF47378-D76E-4BD4-AF90-553468B2D6BA}.Debug|Any CPU.Build.0 = Debug|Any CPU
		{4DF47378-D76E-4BD4-AF90-553468B2D6BA}.Release|Any CPU.ActiveCfg = Release|Any CPU
		{4DF47378-D76E-4BD4-AF90-553468B2D6BA}.Release|Any CPU.Build.0 = Release|Any CPU
		{6F7D8B26-0FB4-469F-B4ED-E07D0376A3BF}.Debug|Any CPU.ActiveCfg = Debug|Any CPU
		{6F7D8B26-0FB4-469F-B4ED-E07D0376A3BF}.Debug|Any CPU.Build.0 = Debug|Any CPU
		{6F7D8B26-0FB4-469F-B4ED-E07D0376A3BF}.Release|Any CPU.ActiveCfg = Release|Any CPU
		{6F7D8B26-0FB4-469F-B4ED-E07D0376A3BF}.Release|Any CPU.Build.0 = Release|Any CPU
		{497FA210-AD01-4BC3-981B-99CE8A961B17}.Debug|Any CPU.ActiveCfg = Debug|Any CPU
		{497FA210-AD01-4BC3-981B-99CE8A961B17}.Debug|Any CPU.Build.0 = Debug|Any CPU
		{497FA210-AD01-4BC3-981B-99CE8A961B17}.Release|Any CPU.ActiveCfg = Release|Any CPU
		{497FA210-AD01-4BC3-981B-99CE8A961B17}.Release|Any CPU.Build.0 = Release|Any CPU
		{A4470B4A-737F-46E7-A361-9053C6244B74}.Debug|Any CPU.ActiveCfg = Debug|Any CPU
		{A4470B4A-737F-46E7-A361-9053C6244B74}.Debug|Any CPU.Build.0 = Debug|Any CPU
		{A4470B4A-737F-46E7-A361-9053C6244B74}.Release|Any CPU.ActiveCfg = Release|Any CPU
		{A4470B4A-737F-46E7-A361-9053C6244B74}.Release|Any CPU.Build.0 = Release|Any CPU
		{CE647F98-8881-4483-82C8-672FAF37E890}.Debug|Any CPU.ActiveCfg = Debug|Any CPU
		{CE647F98-8881-4483-82C8-672FAF37E890}.Debug|Any CPU.Build.0 = Debug|Any CPU
		{CE647F98-8881-4483-82C8-672FAF37E890}.Release|Any CPU.ActiveCfg = Release|Any CPU
		{CE647F98-8881-4483-82C8-672FAF37E890}.Release|Any CPU.Build.0 = Release|Any CPU
		{1B4D5F9C-9C49-4555-8318-30E8948468EF}.Debug|Any CPU.ActiveCfg = Debug|Any CPU
		{1B4D5F9C-9C49-4555-8318-30E8948468EF}.Debug|Any CPU.Build.0 = Debug|Any CPU
		{1B4D5F9C-9C49-4555-8318-30E8948468EF}.Release|Any CPU.ActiveCfg = Release|Any CPU
		{1B4D5F9C-9C49-4555-8318-30E8948468EF}.Release|Any CPU.Build.0 = Release|Any CPU
		{F9BCCF60-6F8B-4320-B76A-B4ACA9107C98}.Debug|Any CPU.ActiveCfg = Debug|Any CPU
		{F9BCCF60-6F8B-4320-B76A-B4ACA9107C98}.Debug|Any CPU.Build.0 = Debug|Any CPU
		{F9BCCF60-6F8B-4320-B76A-B4ACA9107C98}.Release|Any CPU.ActiveCfg = Release|Any CPU
		{F9BCCF60-6F8B-4320-B76A-B4ACA9107C98}.Release|Any CPU.Build.0 = Release|Any CPU
		{6F583423-0495-41FA-90FB-51D15716A18F}.Debug|Any CPU.ActiveCfg = Debug|Any CPU
		{6F583423-0495-41FA-90FB-51D15716A18F}.Debug|Any CPU.Build.0 = Debug|Any CPU
		{6F583423-0495-41FA-90FB-51D15716A18F}.Release|Any CPU.ActiveCfg = Release|Any CPU
		{6F583423-0495-41FA-90FB-51D15716A18F}.Release|Any CPU.Build.0 = Release|Any CPU
		{0AD41ABA-8041-4BE8-8544-BA45A1049E0C}.Debug|Any CPU.ActiveCfg = Debug|Any CPU
		{0AD41ABA-8041-4BE8-8544-BA45A1049E0C}.Debug|Any CPU.Build.0 = Debug|Any CPU
		{0AD41ABA-8041-4BE8-8544-BA45A1049E0C}.Release|Any CPU.ActiveCfg = Release|Any CPU
		{0AD41ABA-8041-4BE8-8544-BA45A1049E0C}.Release|Any CPU.Build.0 = Release|Any CPU
		{E0BE7A08-DF8D-4D14-A0E1-26EE7D63AD9F}.Debug|Any CPU.ActiveCfg = Debug|Any CPU
		{E0BE7A08-DF8D-4D14-A0E1-26EE7D63AD9F}.Debug|Any CPU.Build.0 = Debug|Any CPU
		{E0BE7A08-DF8D-4D14-A0E1-26EE7D63AD9F}.Release|Any CPU.ActiveCfg = Release|Any CPU
		{E0BE7A08-DF8D-4D14-A0E1-26EE7D63AD9F}.Release|Any CPU.Build.0 = Release|Any CPU
		{B262CC65-80CB-42A9-B591-39060AE0D685}.Debug|Any CPU.ActiveCfg = Debug|Any CPU
		{B262CC65-80CB-42A9-B591-39060AE0D685}.Debug|Any CPU.Build.0 = Debug|Any CPU
		{B262CC65-80CB-42A9-B591-39060AE0D685}.Release|Any CPU.ActiveCfg = Release|Any CPU
		{B262CC65-80CB-42A9-B591-39060AE0D685}.Release|Any CPU.Build.0 = Release|Any CPU
		{B64A06C3-21AD-43CC-87D0-535AD85EDEAB}.Debug|Any CPU.ActiveCfg = Debug|Any CPU
		{B64A06C3-21AD-43CC-87D0-535AD85EDEAB}.Debug|Any CPU.Build.0 = Debug|Any CPU
		{B64A06C3-21AD-43CC-87D0-535AD85EDEAB}.Release|Any CPU.ActiveCfg = Release|Any CPU
		{B64A06C3-21AD-43CC-87D0-535AD85EDEAB}.Release|Any CPU.Build.0 = Release|Any CPU
		{66079572-CED3-4C8C-A488-8DFA707155E5}.Debug|Any CPU.ActiveCfg = Debug|Any CPU
		{66079572-CED3-4C8C-A488-8DFA707155E5}.Debug|Any CPU.Build.0 = Debug|Any CPU
		{66079572-CED3-4C8C-A488-8DFA707155E5}.Release|Any CPU.ActiveCfg = Release|Any CPU
		{66079572-CED3-4C8C-A488-8DFA707155E5}.Release|Any CPU.Build.0 = Release|Any CPU
		{3013092B-7D75-466C-A33A-8E7ACD3FB473}.Debug|Any CPU.ActiveCfg = Debug|Any CPU
		{3013092B-7D75-466C-A33A-8E7ACD3FB473}.Debug|Any CPU.Build.0 = Debug|Any CPU
		{3013092B-7D75-466C-A33A-8E7ACD3FB473}.Release|Any CPU.ActiveCfg = Release|Any CPU
		{3013092B-7D75-466C-A33A-8E7ACD3FB473}.Release|Any CPU.Build.0 = Release|Any CPU
		{729A5AC0-ABBC-40EB-9DC5-F4D91CD562D6}.Debug|Any CPU.ActiveCfg = Debug|Any CPU
		{729A5AC0-ABBC-40EB-9DC5-F4D91CD562D6}.Debug|Any CPU.Build.0 = Debug|Any CPU
		{729A5AC0-ABBC-40EB-9DC5-F4D91CD562D6}.Release|Any CPU.ActiveCfg = Release|Any CPU
		{729A5AC0-ABBC-40EB-9DC5-F4D91CD562D6}.Release|Any CPU.Build.0 = Release|Any CPU
		{1CA060C0-B36A-4688-931F-7F345AC7C2F1}.Debug|Any CPU.ActiveCfg = Debug|Any CPU
		{1CA060C0-B36A-4688-931F-7F345AC7C2F1}.Debug|Any CPU.Build.0 = Debug|Any CPU
		{1CA060C0-B36A-4688-931F-7F345AC7C2F1}.Release|Any CPU.ActiveCfg = Release|Any CPU
		{1CA060C0-B36A-4688-931F-7F345AC7C2F1}.Release|Any CPU.Build.0 = Release|Any CPU
		{4F6842C0-B517-46B2-969F-45F32727E457}.Debug|Any CPU.ActiveCfg = Debug|Any CPU
		{4F6842C0-B517-46B2-969F-45F32727E457}.Debug|Any CPU.Build.0 = Debug|Any CPU
		{4F6842C0-B517-46B2-969F-45F32727E457}.Release|Any CPU.ActiveCfg = Release|Any CPU
		{4F6842C0-B517-46B2-969F-45F32727E457}.Release|Any CPU.Build.0 = Release|Any CPU
		{61D5C673-5095-43BF-8C42-D11B59EE0C5C}.Debug|Any CPU.ActiveCfg = Debug|Any CPU
		{61D5C673-5095-43BF-8C42-D11B59EE0C5C}.Debug|Any CPU.Build.0 = Debug|Any CPU
		{61D5C673-5095-43BF-8C42-D11B59EE0C5C}.Release|Any CPU.ActiveCfg = Release|Any CPU
		{61D5C673-5095-43BF-8C42-D11B59EE0C5C}.Release|Any CPU.Build.0 = Release|Any CPU
		{D0D336AF-59F8-4399-B903-7C011EB783CA}.Debug|Any CPU.ActiveCfg = Debug|Any CPU
		{D0D336AF-59F8-4399-B903-7C011EB783CA}.Debug|Any CPU.Build.0 = Debug|Any CPU
		{D0D336AF-59F8-4399-B903-7C011EB783CA}.Release|Any CPU.ActiveCfg = Release|Any CPU
		{D0D336AF-59F8-4399-B903-7C011EB783CA}.Release|Any CPU.Build.0 = Release|Any CPU
		{C4AFDE15-00E8-46B5-8DB1-446ADE6BEEFC}.Debug|Any CPU.ActiveCfg = Debug|Any CPU
		{C4AFDE15-00E8-46B5-8DB1-446ADE6BEEFC}.Debug|Any CPU.Build.0 = Debug|Any CPU
		{C4AFDE15-00E8-46B5-8DB1-446ADE6BEEFC}.Release|Any CPU.ActiveCfg = Release|Any CPU
		{C4AFDE15-00E8-46B5-8DB1-446ADE6BEEFC}.Release|Any CPU.Build.0 = Release|Any CPU
		{1525F17D-2270-4798-8100-2041F7A38330}.Debug|Any CPU.ActiveCfg = Debug|Any CPU
		{1525F17D-2270-4798-8100-2041F7A38330}.Debug|Any CPU.Build.0 = Debug|Any CPU
		{1525F17D-2270-4798-8100-2041F7A38330}.Release|Any CPU.ActiveCfg = Release|Any CPU
		{1525F17D-2270-4798-8100-2041F7A38330}.Release|Any CPU.Build.0 = Release|Any CPU
	EndGlobalSection
	GlobalSection(SolutionProperties) = preSolution
		HideSolutionNode = FALSE
	EndGlobalSection
	GlobalSection(NestedProjects) = preSolution
		{4DF47378-D76E-4BD4-AF90-553468B2D6BA} = {AADA2284-C2D2-4283-A251-96128AC07275}
		{6F7D8B26-0FB4-469F-B4ED-E07D0376A3BF} = {AADA2284-C2D2-4283-A251-96128AC07275}
		{497FA210-AD01-4BC3-981B-99CE8A961B17} = {AADA2284-C2D2-4283-A251-96128AC07275}
		{A4470B4A-737F-46E7-A361-9053C6244B74} = {2C6E13C4-4C27-4B76-80AC-B4982B7C4FF6}
		{CE647F98-8881-4483-82C8-672FAF37E890} = {2C6E13C4-4C27-4B76-80AC-B4982B7C4FF6}
		{1B4D5F9C-9C49-4555-8318-30E8948468EF} = {2C6E13C4-4C27-4B76-80AC-B4982B7C4FF6}
		{F9BCCF60-6F8B-4320-B76A-B4ACA9107C98} = {37D299EC-3D65-46FE-A290-A58A4977062B}
		{6F583423-0495-41FA-90FB-51D15716A18F} = {37D299EC-3D65-46FE-A290-A58A4977062B}
		{0AD41ABA-8041-4BE8-8544-BA45A1049E0C} = {37D299EC-3D65-46FE-A290-A58A4977062B}
		{E0BE7A08-DF8D-4D14-A0E1-26EE7D63AD9F} = {9BDF801B-CF37-48EF-95EF-6DB83BB041D9}
		{B262CC65-80CB-42A9-B591-39060AE0D685} = {9BDF801B-CF37-48EF-95EF-6DB83BB041D9}
		{B64A06C3-21AD-43CC-87D0-535AD85EDEAB} = {9BDF801B-CF37-48EF-95EF-6DB83BB041D9}
		{66079572-CED3-4C8C-A488-8DFA707155E5} = {FC7E0805-016A-4578-9CEB-6B1DD3CB9A45}
		{3013092B-7D75-466C-A33A-8E7ACD3FB473} = {FC7E0805-016A-4578-9CEB-6B1DD3CB9A45}
		{729A5AC0-ABBC-40EB-9DC5-F4D91CD562D6} = {FC7E0805-016A-4578-9CEB-6B1DD3CB9A45}
		{1CA060C0-B36A-4688-931F-7F345AC7C2F1} = {FBEB19D3-3A49-4AC8-83B8-EB13B973AD17}
		{4F6842C0-B517-46B2-969F-45F32727E457} = {FBEB19D3-3A49-4AC8-83B8-EB13B973AD17}
		{61D5C673-5095-43BF-8C42-D11B59EE0C5C} = {FBEB19D3-3A49-4AC8-83B8-EB13B973AD17}
		{D0D336AF-59F8-4399-B903-7C011EB783CA} = {ABEA0D72-5A54-49F7-A2FA-25604FD934A0}
		{C4AFDE15-00E8-46B5-8DB1-446ADE6BEEFC} = {ABEA0D72-5A54-49F7-A2FA-25604FD934A0}
		{1525F17D-2270-4798-8100-2041F7A38330} = {ABEA0D72-5A54-49F7-A2FA-25604FD934A0}
	EndGlobalSection
	GlobalSection(ExtensibilityGlobals) = postSolution
		SolutionGuid = {6CAE3CE9-249C-4664-92CF-4989B4790122}
	EndGlobalSection
EndGlobal
