
Microsoft Visual Studio Solution File, Format Version 12.00
# Visual Studio Version 17
VisualStudioVersion = 17.11.35312.102
MinimumVisualStudioVersion = 10.0.40219.1
Project("{2150E333-8FDC-42A3-9474-1A3956D46DE8}") = "Task0", "Task0", "{AADA2284-C2D2-4283-A251-96128AC07275}"
EndProject
Project("{FAE04EC0-301F-11D3-BF4B-00C04F79EFBC}") = "Tyuiu.BerezkinAA.Sprint2.Task0.V4", "Tyuiu.BerezkinAA.Sprint2.Task0.V4\Tyuiu.BerezkinAA.Sprint2.Task0.V4.csproj", "{4DF47378-D76E-4BD4-AF90-553468B2D6BA}"
EndProject
Project("{FAE04EC0-301F-11D3-BF4B-00C04F79EFBC}") = "Tyuiu.BerezkinAA.Sprint2.Task0.V4.Lib", "Tyuiu.BerezkinAA.Sprint2.Task0.V4.Lib\Tyuiu.BerezkinAA.Sprint2.Task0.V4.Lib.csproj", "{6F7D8B26-0FB4-469F-B4ED-E07D0376A3BF}"
EndProject
Project("{FAE04EC0-301F-11D3-BF4B-00C04F79EFBC}") = "Tyuiu.BerezkinAA.Sprint2.Task0.V4.Test", "Tyuiu.BerezkinAA.Sprint2.Task0.V4.Test\Tyuiu.BerezkinAA.Sprint2.Task0.V4.Test.csproj", "{497FA210-AD01-4BC3-981B-99CE8A961B17}"
EndProject
Project("{2150E333-8FDC-42A3-9474-1A3956D46DE8}") = "Task1", "Task1", "{2C6E13C4-4C27-4B76-80AC-B4982B7C4FF6}"
EndProject
Project("{FAE04EC0-301F-11D3-BF4B-00C04F79EFBC}") = "Tyuiu.BerezkinAA.Sprint2.Task1.V2", "Tyuiu.BerezkinAA.Sprint2.Task1.V2\Tyuiu.BerezkinAA.Sprint2.Task1.V2.csproj", "{A4470B4A-737F-46E7-A361-9053C6244B74}"
EndProject
Project("{FAE04EC0-301F-11D3-BF4B-00C04F79EFBC}") = "Tyuiu.BerezkinAA.Sprint2.Task1.V2.Lib", "Tyuiu.BerezkinAA.Sprint2.Task1.V2.Lib\Tyuiu.BerezkinAA.Sprint2.Task1.V2.Lib.csproj", "{CE647F98-8881-4483-82C8-672FAF37E890}"
EndProject
Project("{FAE04EC0-301F-11D3-BF4B-00C04F79EFBC}") = "Tyuiu.BerezkinAA.Sprint2.Task1.V2.Test", "Tyuiu.BerezkinAA.Sprint2.Task1.V2.Test\Tyuiu.BerezkinAA.Sprint2.Task1.V2.Test.csproj", "{1B4D5F9C-9C49-4555-8318-30E8948468EF}"
EndProject
Global
	GlobalSection(SolutionConfigurationPlatforms) = preSolution
		Debug|Any CPU = Debug|Any CPU
		Release|Any CPU = Release|Any CPU
	EndGlobalSection
	GlobalSection(ProjectConfigurationPlatforms) = postSolution
		{4DF47378-D76E-4BD4-AF90-553468B2D6BA}.Debug|Any CPU.ActiveCfg = Debug|Any CPU
		{4DF47378-D76E-4BD4-AF90-553468B2D6BA}.Debug|Any CPU.Build.0 = Debug|Any CPU
		{4DF47378-D76E-4BD4-AF90-553468B2D6BA}.Release|Any CPU.ActiveCfg = Release|Any CPU
		{4DF47378-D76E-4BD4-AF90-553468B2D6BA}.Release|Any CPU.Build.0 = Release|Any CPU
		{6F7D8B26-0FB4-469F-B4ED-E07D0376A3BF}.Debug|Any CPU.ActiveCfg = Debug|Any CPU
		{6F7D8B26-0FB4-469F-B4ED-E07D0376A3BF}.Debug|Any CPU.Build.0 = Debug|Any CPU
		{6F7D8B26-0FB4-469F-B4ED-E07D0376A3BF}.Release|Any CPU.ActiveCfg = Release|Any CPU
		{6F7D8B26-0FB4-469F-B4ED-E07D0376A3BF}.Release|Any CPU.Build.0 = Release|Any CPU
		{497FA210-AD01-4BC3-981B-99CE8A961B17}.Debug|Any CPU.ActiveCfg = Debug|Any CPU
		{497FA210-AD01-4BC3-981B-99CE8A961B17}.Debug|Any CPU.Build.0 = Debug|Any CPU
		{497FA210-AD01-4BC3-981B-99CE8A961B17}.Release|Any CPU.ActiveCfg = Release|Any CPU
		{497FA210-AD01-4BC3-981B-99CE8A961B17}.Release|Any CPU.Build.0 = Release|Any CPU
		{A4470B4A-737F-46E7-A361-9053C6244B74}.Debug|Any CPU.ActiveCfg = Debug|Any CPU
		{A4470B4A-737F-46E7-A361-9053C6244B74}.Debug|Any CPU.Build.0 = Debug|Any CPU
		{A4470B4A-737F-46E7-A361-9053C6244B74}.Release|Any CPU.ActiveCfg = Release|Any CPU
		{A4470B4A-737F-46E7-A361-9053C6244B74}.Release|Any CPU.Build.0 = Release|Any CPU
		{CE647F98-8881-4483-82C8-672FAF37E890}.Debug|Any CPU.ActiveCfg = Debug|Any CPU
		{CE647F98-8881-4483-82C8-672FAF37E890}.Debug|Any CPU.Build.0 = Debug|Any CPU
		{CE647F98-8881-4483-82C8-672FAF37E890}.Release|Any CPU.ActiveCfg = Release|Any CPU
		{CE647F98-8881-4483-82C8-672FAF37E890}.Release|Any CPU.Build.0 = Release|Any CPU
		{1B4D5F9C-9C49-4555-8318-30E8948468EF}.Debug|Any CPU.ActiveCfg = Debug|Any CPU
		{1B4D5F9C-9C49-4555-8318-30E8948468EF}.Debug|Any CPU.Build.0 = Debug|Any CPU
		{1B4D5F9C-9C49-4555-8318-30E8948468EF}.Release|Any CPU.ActiveCfg = Release|Any CPU
		{1B4D5F9C-9C49-4555-8318-30E8948468EF}.Release|Any CPU.Build.0 = Release|Any CPU
	EndGlobalSection
	GlobalSection(SolutionProperties) = preSolution
		HideSolutionNode = FALSE
	EndGlobalSection
	GlobalSection(NestedProjects) = preSolution
		{4DF47378-D76E-4BD4-AF90-553468B2D6BA} = {AADA2284-C2D2-4283-A251-96128AC07275}
		{6F7D8B26-0FB4-469F-B4ED-E07D0376A3BF} = {AADA2284-C2D2-4283-A251-96128AC07275}
		{497FA210-AD01-4BC3-981B-99CE8A961B17} = {AADA2284-C2D2-4283-A251-96128AC07275}
		{A4470B4A-737F-46E7-A361-9053C6244B74} = {2C6E13C4-4C27-4B76-80AC-B4982B7C4FF6}
		{CE647F98-8881-4483-82C8-672FAF37E890} = {2C6E13C4-4C27-4B76-80AC-B4982B7C4FF6}
		{1B4D5F9C-9C49-4555-8318-30E8948468EF} = {2C6E13C4-4C27-4B76-80AC-B4982B7C4FF6}
	EndGlobalSection
	GlobalSection(ExtensibilityGlobals) = postSolution
		SolutionGuid = {6CAE3CE9-249C-4664-92CF-4989B4790122}
	EndGlobalSection
EndGlobal
